
Microsoft Visual Studio Solution File, Format Version 12.00
# Visual Studio Version 17
VisualStudioVersion = 17.5.33530.505
MinimumVisualStudioVersion = 10.0.40219.1
Project("{FAE04EC0-301F-11D3-BF4B-00C04F79EFBC}") = "RabbitMQ.Watermark.UI", "RabbitMQ.Watermark.UI\RabbitMQ.Watermark.UI.csproj", "{47913EA1-6018-46C2-BE2F-70756CFAF0E8}"
EndProject
Global
	GlobalSection(SolutionConfigurationPlatforms) = preSolution
		Debug|Any CPU = Debug|Any CPU
		Release|Any CPU = Release|Any CPU
	EndGlobalSection
	GlobalSection(ProjectConfigurationPlatforms) = postSolution
		{47913EA1-6018-46C2-BE2F-70756CFAF0E8}.Debug|Any CPU.ActiveCfg = Debug|Any CPU
		{47913EA1-6018-46C2-BE2F-70756CFAF0E8}.Debug|Any CPU.Build.0 = Debug|Any CPU
		{47913EA1-6018-46C2-BE2F-70756CFAF0E8}.Release|Any CPU.ActiveCfg = Release|Any CPU
		{47913EA1-6018-46C2-BE2F-70756CFAF0E8}.Release|Any CPU.Build.0 = Release|Any CPU
	EndGlobalSection
	GlobalSection(SolutionProperties) = preSolution
		HideSolutionNode = FALSE
	EndGlobalSection
	GlobalSection(ExtensibilityGlobals) = postSolution
		SolutionGuid = {104A6193-A3A1-4DEA-A173-85A2E88ADDAD}
	EndGlobalSection
EndGlobal
